
Microsoft Visual Studio Solution File, Format Version 12.00
# Visual Studio 15
VisualStudioVersion = 15.0.27703.2047
MinimumVisualStudioVersion = 10.0.40219.1
Project("{FAE04EC0-301F-11D3-BF4B-00C04F79EFBC}") = "bus-booking-app", "bus-booking-app\bus-booking-app.csproj", "{32F09D7F-1B10-4AC9-B453-BAF82FDD59EA}"
EndProject
Global
	GlobalSection(SolutionConfigurationPlatforms) = preSolution
		Debug|Any CPU = Debug|Any CPU
		Release|Any CPU = Release|Any CPU
	EndGlobalSection
	GlobalSection(ProjectConfigurationPlatforms) = postSolution
		{32F09D7F-1B10-4AC9-B453-BAF82FDD59EA}.Debug|Any CPU.ActiveCfg = Debug|Any CPU
		{32F09D7F-1B10-4AC9-B453-BAF82FDD59EA}.Debug|Any CPU.Build.0 = Debug|Any CPU
		{32F09D7F-1B10-4AC9-B453-BAF82FDD59EA}.Release|Any CPU.ActiveCfg = Release|Any CPU
		{32F09D7F-1B10-4AC9-B453-BAF82FDD59EA}.Release|Any CPU.Build.0 = Release|Any CPU
	EndGlobalSection
	GlobalSection(SolutionProperties) = preSolution
		HideSolutionNode = FALSE
	EndGlobalSection
	GlobalSection(ExtensibilityGlobals) = postSolution
		SolutionGuid = {8A0BBF32-BF03-4095-9CDF-B9C27FA2F76C}
	EndGlobalSection
EndGlobal
